
Microsoft Visual Studio Solution File, Format Version 12.00
# Visual Studio Version 16
VisualStudioVersion = 16.0.29215.179
MinimumVisualStudioVersion = 10.0.40219.1
Project("{FAE04EC0-301F-11D3-BF4B-00C04F79EFBC}") = "GameApp", "GameApp.csproj", "{47B29B91-4479-4454-90DC-66423C958D36}"
EndProject
Project("{FAE04EC0-301F-11D3-BF4B-00C04F79EFBC}") = "GameLevelsLib", "..\GameLevelsLib\GameLevelsLib.csproj", "{D3FB50C7-7408-48E2-A654-723C6C238E9E}"
EndProject
Global
	GlobalSection(SolutionConfigurationPlatforms) = preSolution
		Debug|Any CPU = Debug|Any CPU
		Release|Any CPU = Release|Any CPU
	EndGlobalSection
	GlobalSection(ProjectConfigurationPlatforms) = postSolution
		{47B29B91-4479-4454-90DC-66423C958D36}.Debug|Any CPU.ActiveCfg = Debug|Any CPU
		{47B29B91-4479-4454-90DC-66423C958D36}.Debug|Any CPU.Build.0 = Debug|Any CPU
		{47B29B91-4479-4454-90DC-66423C958D36}.Release|Any CPU.ActiveCfg = Release|Any CPU
		{47B29B91-4479-4454-90DC-66423C958D36}.Release|Any CPU.Build.0 = Release|Any CPU
		{D3FB50C7-7408-48E2-A654-723C6C238E9E}.Debug|Any CPU.ActiveCfg = Debug|Any CPU
		{D3FB50C7-7408-48E2-A654-723C6C238E9E}.Debug|Any CPU.Build.0 = Debug|Any CPU
		{D3FB50C7-7408-48E2-A654-723C6C238E9E}.Release|Any CPU.ActiveCfg = Release|Any CPU
		{D3FB50C7-7408-48E2-A654-723C6C238E9E}.Release|Any CPU.Build.0 = Release|Any CPU
	EndGlobalSection
	GlobalSection(SolutionProperties) = preSolution
		HideSolutionNode = FALSE
	EndGlobalSection
	GlobalSection(ExtensibilityGlobals) = postSolution
		SolutionGuid = {6E4E6F6F-3BFF-46D4-91C4-B5BB1D7F68B2}
	EndGlobalSection
EndGlobal
